
Microsoft Visual Studio Solution File, Format Version 12.00
# Visual Studio Version 16
VisualStudioVersion = 16.0.28803.352
MinimumVisualStudioVersion = 10.0.40219.1
Project("{FAE04EC0-301F-11D3-BF4B-00C04F79EFBC}") = "Stack", "Stack\Stack.csproj", "{BB64F91A-F513-4C49-AB80-8FFF768F79B4}"
EndProject
Project("{FAE04EC0-301F-11D3-BF4B-00C04F79EFBC}") = "Task 2 Limited Stack", "Task 2 Limited Stack\Task 2 Limited Stack.csproj", "{4AF85C17-6E04-49E3-B24F-5FD567731529}"
EndProject
Project("{FAE04EC0-301F-11D3-BF4B-00C04F79EFBC}") = "Task 3 MyList", "Task 3 MyList\Task 3 MyList.csproj", "{FD77C817-4EA9-40E2-BA0C-F818D0D5B922}"
EndProject
Global
	GlobalSection(SolutionConfigurationPlatforms) = preSolution
		Debug|Any CPU = Debug|Any CPU
		Release|Any CPU = Release|Any CPU
	EndGlobalSection
	GlobalSection(ProjectConfigurationPlatforms) = postSolution
		{BB64F91A-F513-4C49-AB80-8FFF768F79B4}.Debug|Any CPU.ActiveCfg = Debug|Any CPU
		{BB64F91A-F513-4C49-AB80-8FFF768F79B4}.Debug|Any CPU.Build.0 = Debug|Any CPU
		{BB64F91A-F513-4C49-AB80-8FFF768F79B4}.Release|Any CPU.ActiveCfg = Release|Any CPU
		{BB64F91A-F513-4C49-AB80-8FFF768F79B4}.Release|Any CPU.Build.0 = Release|Any CPU
		{4AF85C17-6E04-49E3-B24F-5FD567731529}.Debug|Any CPU.ActiveCfg = Debug|Any CPU
		{4AF85C17-6E04-49E3-B24F-5FD567731529}.Debug|Any CPU.Build.0 = Debug|Any CPU
		{4AF85C17-6E04-49E3-B24F-5FD567731529}.Release|Any CPU.ActiveCfg = Release|Any CPU
		{4AF85C17-6E04-49E3-B24F-5FD567731529}.Release|Any CPU.Build.0 = Release|Any CPU
		{FD77C817-4EA9-40E2-BA0C-F818D0D5B922}.Debug|Any CPU.ActiveCfg = Debug|Any CPU
		{FD77C817-4EA9-40E2-BA0C-F818D0D5B922}.Debug|Any CPU.Build.0 = Debug|Any CPU
		{FD77C817-4EA9-40E2-BA0C-F818D0D5B922}.Release|Any CPU.ActiveCfg = Release|Any CPU
		{FD77C817-4EA9-40E2-BA0C-F818D0D5B922}.Release|Any CPU.Build.0 = Release|Any CPU
	EndGlobalSection
	GlobalSection(SolutionProperties) = preSolution
		HideSolutionNode = FALSE
	EndGlobalSection
	GlobalSection(ExtensibilityGlobals) = postSolution
		SolutionGuid = {7B8CE240-8D37-4031-A98B-6B287CAABEE5}
	EndGlobalSection
EndGlobal
